
Microsoft Visual Studio Solution File, Format Version 12.00
# Visual Studio Version 17
VisualStudioVersion = 17.0.32112.339
MinimumVisualStudioVersion = 10.0.40219.1
Project("{FAE04EC0-301F-11D3-BF4B-00C04F79EFBC}") = "Calculator.Mobile.Android", "Calculator.Mobile.Android\Calculator.Mobile.Android.csproj", "{67069FC9-FD85-4569-88D4-F18F1B08E5C5}"
EndProject
Project("{FAE04EC0-301F-11D3-BF4B-00C04F79EFBC}") = "Calculator.Mobile.iOS", "Calculator.Mobile.iOS\Calculator.Mobile.iOS.csproj", "{5C26A0A5-0D25-4DCB-AB61-A1C8C4D37192}"
EndProject
Project("{FAE04EC0-301F-11D3-BF4B-00C04F79EFBC}") = "Calculator.Mobile", "Calculator.Mobile\Calculator.Mobile.csproj", "{0681F1D5-1B00-484A-A7CD-497EC993069B}"
EndProject
Global
	GlobalSection(SolutionConfigurationPlatforms) = preSolution
		Debug|Any CPU = Debug|Any CPU
		Debug|iPhone = Debug|iPhone
		Debug|iPhoneSimulator = Debug|iPhoneSimulator
		Release|Any CPU = Release|Any CPU
		Release|iPhone = Release|iPhone
		Release|iPhoneSimulator = Release|iPhoneSimulator
	EndGlobalSection
	GlobalSection(ProjectConfigurationPlatforms) = postSolution
		{67069FC9-FD85-4569-88D4-F18F1B08E5C5}.Debug|Any CPU.ActiveCfg = Debug|Any CPU
		{67069FC9-FD85-4569-88D4-F18F1B08E5C5}.Debug|Any CPU.Build.0 = Debug|Any CPU
		{67069FC9-FD85-4569-88D4-F18F1B08E5C5}.Debug|Any CPU.Deploy.0 = Debug|Any CPU
		{67069FC9-FD85-4569-88D4-F18F1B08E5C5}.Debug|iPhone.ActiveCfg = Debug|Any CPU
		{67069FC9-FD85-4569-88D4-F18F1B08E5C5}.Debug|iPhone.Build.0 = Debug|Any CPU
		{67069FC9-FD85-4569-88D4-F18F1B08E5C5}.Debug|iPhone.Deploy.0 = Debug|Any CPU
		{67069FC9-FD85-4569-88D4-F18F1B08E5C5}.Debug|iPhoneSimulator.ActiveCfg = Debug|Any CPU
		{67069FC9-FD85-4569-88D4-F18F1B08E5C5}.Debug|iPhoneSimulator.Build.0 = Debug|Any CPU
		{67069FC9-FD85-4569-88D4-F18F1B08E5C5}.Debug|iPhoneSimulator.Deploy.0 = Debug|Any CPU
		{67069FC9-FD85-4569-88D4-F18F1B08E5C5}.Release|Any CPU.ActiveCfg = Release|Any CPU
		{67069FC9-FD85-4569-88D4-F18F1B08E5C5}.Release|Any CPU.Build.0 = Release|Any CPU
		{67069FC9-FD85-4569-88D4-F18F1B08E5C5}.Release|Any CPU.Deploy.0 = Release|Any CPU
		{67069FC9-FD85-4569-88D4-F18F1B08E5C5}.Release|iPhone.ActiveCfg = Release|Any CPU
		{67069FC9-FD85-4569-88D4-F18F1B08E5C5}.Release|iPhone.Build.0 = Release|Any CPU
		{67069FC9-FD85-4569-88D4-F18F1B08E5C5}.Release|iPhone.Deploy.0 = Release|Any CPU
		{67069FC9-FD85-4569-88D4-F18F1B08E5C5}.Release|iPhoneSimulator.ActiveCfg = Release|Any CPU
		{67069FC9-FD85-4569-88D4-F18F1B08E5C5}.Release|iPhoneSimulator.Build.0 = Release|Any CPU
		{67069FC9-FD85-4569-88D4-F18F1B08E5C5}.Release|iPhoneSimulator.Deploy.0 = Release|Any CPU
		{5C26A0A5-0D25-4DCB-AB61-A1C8C4D37192}.Debug|Any CPU.ActiveCfg = Debug|iPhone
		{5C26A0A5-0D25-4DCB-AB61-A1C8C4D37192}.Debug|Any CPU.Build.0 = Debug|iPhone
		{5C26A0A5-0D25-4DCB-AB61-A1C8C4D37192}.Debug|Any CPU.Deploy.0 = Debug|iPhone
		{5C26A0A5-0D25-4DCB-AB61-A1C8C4D37192}.Debug|iPhone.ActiveCfg = Debug|iPhone
		{5C26A0A5-0D25-4DCB-AB61-A1C8C4D37192}.Debug|iPhone.Build.0 = Debug|iPhone
		{5C26A0A5-0D25-4DCB-AB61-A1C8C4D37192}.Debug|iPhone.Deploy.0 = Debug|iPhone
		{5C26A0A5-0D25-4DCB-AB61-A1C8C4D37192}.Debug|iPhoneSimulator.ActiveCfg = Debug|iPhoneSimulator
		{5C26A0A5-0D25-4DCB-AB61-A1C8C4D37192}.Debug|iPhoneSimulator.Build.0 = Debug|iPhoneSimulator
		{5C26A0A5-0D25-4DCB-AB61-A1C8C4D37192}.Debug|iPhoneSimulator.Deploy.0 = Debug|iPhoneSimulator
		{5C26A0A5-0D25-4DCB-AB61-A1C8C4D37192}.Release|Any CPU.ActiveCfg = Release|iPhoneSimulator
		{5C26A0A5-0D25-4DCB-AB61-A1C8C4D37192}.Release|Any CPU.Build.0 = Release|iPhoneSimulator
		{5C26A0A5-0D25-4DCB-AB61-A1C8C4D37192}.Release|Any CPU.Deploy.0 = Release|iPhoneSimulator
		{5C26A0A5-0D25-4DCB-AB61-A1C8C4D37192}.Release|iPhone.ActiveCfg = Release|iPhone
		{5C26A0A5-0D25-4DCB-AB61-A1C8C4D37192}.Release|iPhone.Build.0 = Release|iPhone
		{5C26A0A5-0D25-4DCB-AB61-A1C8C4D37192}.Release|iPhone.Deploy.0 = Release|iPhone
		{5C26A0A5-0D25-4DCB-AB61-A1C8C4D37192}.Release|iPhoneSimulator.ActiveCfg = Release|iPhoneSimulator
		{5C26A0A5-0D25-4DCB-AB61-A1C8C4D37192}.Release|iPhoneSimulator.Build.0 = Release|iPhoneSimulator
		{5C26A0A5-0D25-4DCB-AB61-A1C8C4D37192}.Release|iPhoneSimulator.Deploy.0 = Release|iPhoneSimulator
		{0681F1D5-1B00-484A-A7CD-497EC993069B}.Debug|Any CPU.ActiveCfg = Debug|Any CPU
		{0681F1D5-1B00-484A-A7CD-497EC993069B}.Debug|Any CPU.Build.0 = Debug|Any CPU
		{0681F1D5-1B00-484A-A7CD-497EC993069B}.Debug|Any CPU.Deploy.0 = Debug|Any CPU
		{0681F1D5-1B00-484A-A7CD-497EC993069B}.Debug|iPhone.ActiveCfg = Debug|Any CPU
		{0681F1D5-1B00-484A-A7CD-497EC993069B}.Debug|iPhone.Build.0 = Debug|Any CPU
		{0681F1D5-1B00-484A-A7CD-497EC993069B}.Debug|iPhone.Deploy.0 = Debug|Any CPU
		{0681F1D5-1B00-484A-A7CD-497EC993069B}.Debug|iPhoneSimulator.ActiveCfg = Debug|Any CPU
		{0681F1D5-1B00-484A-A7CD-497EC993069B}.Debug|iPhoneSimulator.Build.0 = Debug|Any CPU
		{0681F1D5-1B00-484A-A7CD-497EC993069B}.Debug|iPhoneSimulator.Deploy.0 = Debug|Any CPU
		{0681F1D5-1B00-484A-A7CD-497EC993069B}.Release|Any CPU.ActiveCfg = Release|Any CPU
		{0681F1D5-1B00-484A-A7CD-497EC993069B}.Release|Any CPU.Build.0 = Release|Any CPU
		{0681F1D5-1B00-484A-A7CD-497EC993069B}.Release|Any CPU.Deploy.0 = Release|Any CPU
		{0681F1D5-1B00-484A-A7CD-497EC993069B}.Release|iPhone.ActiveCfg = Release|Any CPU
		{0681F1D5-1B00-484A-A7CD-497EC993069B}.Release|iPhone.Build.0 = Release|Any CPU
		{0681F1D5-1B00-484A-A7CD-497EC993069B}.Release|iPhone.Deploy.0 = Release|Any CPU
		{0681F1D5-1B00-484A-A7CD-497EC993069B}.Release|iPhoneSimulator.ActiveCfg = Release|Any CPU
		{0681F1D5-1B00-484A-A7CD-497EC993069B}.Release|iPhoneSimulator.Build.0 = Release|Any CPU
		{0681F1D5-1B00-484A-A7CD-497EC993069B}.Release|iPhoneSimulator.Deploy.0 = Release|Any CPU
	EndGlobalSection
	GlobalSection(SolutionProperties) = preSolution
		HideSolutionNode = FALSE
	EndGlobalSection
	GlobalSection(ExtensibilityGlobals) = postSolution
		SolutionGuid = {FE32B2AD-174A-45C5-8B1B-E5FF832C4B52}
	EndGlobalSection
EndGlobal
